
Microsoft Visual Studio Solution File, Format Version 12.00
# Visual Studio Version 16
VisualStudioVersion = 16.0.29519.87
MinimumVisualStudioVersion = 10.0.40219.1
Project("{FAE04EC0-301F-11D3-BF4B-00C04F79EFBC}") = "Task2", "Task2\Task2.csproj", "{7D519B69-B486-4F68-9EB8-A5D1E177B5D2}"
EndProject
Global
	GlobalSection(SolutionConfigurationPlatforms) = preSolution
		Debug|Any CPU = Debug|Any CPU
		Release|Any CPU = Release|Any CPU
	EndGlobalSection
	GlobalSection(ProjectConfigurationPlatforms) = postSolution
		{7D519B69-B486-4F68-9EB8-A5D1E177B5D2}.Debug|Any CPU.ActiveCfg = Debug|Any CPU
		{7D519B69-B486-4F68-9EB8-A5D1E177B5D2}.Debug|Any CPU.Build.0 = Debug|Any CPU
		{7D519B69-B486-4F68-9EB8-A5D1E177B5D2}.Release|Any CPU.ActiveCfg = Release|Any CPU
		{7D519B69-B486-4F68-9EB8-A5D1E177B5D2}.Release|Any CPU.Build.0 = Release|Any CPU
	EndGlobalSection
	GlobalSection(SolutionProperties) = preSolution
		HideSolutionNode = FALSE
	EndGlobalSection
	GlobalSection(ExtensibilityGlobals) = postSolution
		SolutionGuid = {F63FF546-63FE-4C10-8F86-F53D9A65F617}
	EndGlobalSection
EndGlobal
